
Microsoft Visual Studio Solution File, Format Version 12.00
# Visual Studio Version 17
VisualStudioVersion = 17.8.34511.84
MinimumVisualStudioVersion = 10.0.40219.1
Project("{9A19103F-16F7-4668-BE54-9A1E7A4F7556}") = "GOILauncher", "GOILauncher\GOILauncher.csproj", "{E8A02E8F-7ADE-4037-A856-F98F83CA3D90}"
EndProject
Project("{9A19103F-16F7-4668-BE54-9A1E7A4F7556}") = "GMMUpdater", "GMMUpdater\GMMUpdater.csproj", "{00E554C7-126E-4A50-97B5-F65B502B9F5A}"
EndProject
Project("{9A19103F-16F7-4668-BE54-9A1E7A4F7556}") = "MapUploader", "MapUploader\MapUploader.csproj", "{B8C81C2D-094B-4FB7-B455-BDA17BB14EDA}"
EndProject
Global
	GlobalSection(SolutionConfigurationPlatforms) = preSolution
		Debug|Any CPU = Debug|Any CPU
		Release|Any CPU = Release|Any CPU
	EndGlobalSection
	GlobalSection(ProjectConfigurationPlatforms) = postSolution
		{E8A02E8F-7ADE-4037-A856-F98F83CA3D90}.Debug|Any CPU.ActiveCfg = Debug|Any CPU
		{E8A02E8F-7ADE-4037-A856-F98F83CA3D90}.Debug|Any CPU.Build.0 = Debug|Any CPU
		{E8A02E8F-7ADE-4037-A856-F98F83CA3D90}.Release|Any CPU.ActiveCfg = Release|Any CPU
		{E8A02E8F-7ADE-4037-A856-F98F83CA3D90}.Release|Any CPU.Build.0 = Release|Any CPU
		{00E554C7-126E-4A50-97B5-F65B502B9F5A}.Debug|Any CPU.ActiveCfg = Debug|Any CPU
		{00E554C7-126E-4A50-97B5-F65B502B9F5A}.Debug|Any CPU.Build.0 = Debug|Any CPU
		{00E554C7-126E-4A50-97B5-F65B502B9F5A}.Release|Any CPU.ActiveCfg = Release|Any CPU
		{00E554C7-126E-4A50-97B5-F65B502B9F5A}.Release|Any CPU.Build.0 = Release|Any CPU
		{B8C81C2D-094B-4FB7-B455-BDA17BB14EDA}.Debug|Any CPU.ActiveCfg = Debug|Any CPU
		{B8C81C2D-094B-4FB7-B455-BDA17BB14EDA}.Debug|Any CPU.Build.0 = Debug|Any CPU
		{B8C81C2D-094B-4FB7-B455-BDA17BB14EDA}.Release|Any CPU.ActiveCfg = Release|Any CPU
		{B8C81C2D-094B-4FB7-B455-BDA17BB14EDA}.Release|Any CPU.Build.0 = Release|Any CPU
	EndGlobalSection
	GlobalSection(SolutionProperties) = preSolution
		HideSolutionNode = FALSE
	EndGlobalSection
	GlobalSection(ExtensibilityGlobals) = postSolution
		SolutionGuid = {0CE7888B-2A74-4BDE-B73C-CC1870E955AF}
	EndGlobalSection
EndGlobal
